
Microsoft Visual Studio Solution File, Format Version 12.00
# Visual Studio Version 17
VisualStudioVersion = 17.11.35312.102
MinimumVisualStudioVersion = 10.0.40219.1
Project("{FAE04EC0-301F-11D3-BF4B-00C04F79EFBC}") = "ExamSystem.API", "ExamSystem.API\ExamSystem.API.csproj", "{E60E1C5A-4F3B-47F5-A75E-8FC70B236CFC}"
EndProject
Project("{FAE04EC0-301F-11D3-BF4B-00C04F79EFBC}") = "ExamSystem.DataAccess", "ExamSystem.DataAccess\ExamSystem.DataAccess.csproj", "{784C8FEB-C764-4D9C-BC7C-B3F0907AFC1F}"
EndProject
Project("{FAE04EC0-301F-11D3-BF4B-00C04F79EFBC}") = "ExamSystem.Entities", "ExamSystem.Entities\ExamSystem.Entities.csproj", "{0484BBBD-D251-47EC-BB0B-7D4A2E9C43EE}"
EndProject
Project("{FAE04EC0-301F-11D3-BF4B-00C04F79EFBC}") = "ExamSystem.Services", "ExamSystem.Services\ExamSystem.Services.csproj", "{A1B0AEC6-1723-436D-AC78-3A11B2E74AF3}"
EndProject
Global
	GlobalSection(SolutionConfigurationPlatforms) = preSolution
		Debug|Any CPU = Debug|Any CPU
		Release|Any CPU = Release|Any CPU
	EndGlobalSection
	GlobalSection(ProjectConfigurationPlatforms) = postSolution
		{E60E1C5A-4F3B-47F5-A75E-8FC70B236CFC}.Debug|Any CPU.ActiveCfg = Debug|Any CPU
		{E60E1C5A-4F3B-47F5-A75E-8FC70B236CFC}.Debug|Any CPU.Build.0 = Debug|Any CPU
		{E60E1C5A-4F3B-47F5-A75E-8FC70B236CFC}.Release|Any CPU.ActiveCfg = Release|Any CPU
		{E60E1C5A-4F3B-47F5-A75E-8FC70B236CFC}.Release|Any CPU.Build.0 = Release|Any CPU
		{784C8FEB-C764-4D9C-BC7C-B3F0907AFC1F}.Debug|Any CPU.ActiveCfg = Debug|Any CPU
		{784C8FEB-C764-4D9C-BC7C-B3F0907AFC1F}.Debug|Any CPU.Build.0 = Debug|Any CPU
		{784C8FEB-C764-4D9C-BC7C-B3F0907AFC1F}.Release|Any CPU.ActiveCfg = Release|Any CPU
		{784C8FEB-C764-4D9C-BC7C-B3F0907AFC1F}.Release|Any CPU.Build.0 = Release|Any CPU
		{0484BBBD-D251-47EC-BB0B-7D4A2E9C43EE}.Debug|Any CPU.ActiveCfg = Debug|Any CPU
		{0484BBBD-D251-47EC-BB0B-7D4A2E9C43EE}.Debug|Any CPU.Build.0 = Debug|Any CPU
		{0484BBBD-D251-47EC-BB0B-7D4A2E9C43EE}.Release|Any CPU.ActiveCfg = Release|Any CPU
		{0484BBBD-D251-47EC-BB0B-7D4A2E9C43EE}.Release|Any CPU.Build.0 = Release|Any CPU
		{A1B0AEC6-1723-436D-AC78-3A11B2E74AF3}.Debug|Any CPU.ActiveCfg = Debug|Any CPU
		{A1B0AEC6-1723-436D-AC78-3A11B2E74AF3}.Debug|Any CPU.Build.0 = Debug|Any CPU
		{A1B0AEC6-1723-436D-AC78-3A11B2E74AF3}.Release|Any CPU.ActiveCfg = Release|Any CPU
		{A1B0AEC6-1723-436D-AC78-3A11B2E74AF3}.Release|Any CPU.Build.0 = Release|Any CPU
	EndGlobalSection
	GlobalSection(SolutionProperties) = preSolution
		HideSolutionNode = FALSE
	EndGlobalSection
	GlobalSection(ExtensibilityGlobals) = postSolution
		SolutionGuid = {8F5CFE13-CF14-4030-97AC-B6DF30104A9F}
	EndGlobalSection
EndGlobal
